
Microsoft Visual Studio Solution File, Format Version 12.00
# Visual Studio 14
VisualStudioVersion = 14.0.25420.1
MinimumVisualStudioVersion = 10.0.40219.1
Project("{8BC9CEB8-8B4A-11D0-8D11-00A0C91BC942}") = "VSCommonTest", "VSCommonTest\VSCommonTest.vcxproj", "{995DFDC8-0D77-464F-89F1-6929678DFE68}"
EndProject
Project("{8BC9CEB8-8B4A-11D0-8D11-00A0C91BC942}") = "Assignment2", "Assignment2\Assignment2.vcxproj", "{A5387313-7D31-4772-ABB4-EFAF6B4C1BFB}"
EndProject
Project("{8BC9CEB8-8B4A-11D0-8D11-00A0C91BC942}") = "Assignment3", "Assignment3\Assignment3.vcxproj", "{88105836-558D-4AA1-AB8D-CECCD7006A96}"
EndProject
Project("{2150E333-8FDC-42A3-9474-1A3956D46DE8}") = "Written", "Written", "{3124EF0B-14C9-4DD3-A2BB-11FC99339D7F}"
EndProject
Project("{8BC9CEB8-8B4A-11D0-8D11-00A0C91BC942}") = "CaffeInterfaceTest", "CaffeInterfaceTest\CaffeInterfaceTest.vcxproj", "{524A4D0B-F578-4669-B75A-ED9007C56F13}"
EndProject
Project("{8BC9CEB8-8B4A-11D0-8D11-00A0C91BC942}") = "mf", "mf\mf.vcxproj", "{B202DAE1-4093-40EA-A649-779FA86C6DE8}"
EndProject
Project("{8BC9CEB8-8B4A-11D0-8D11-00A0C91BC942}") = "mf-train", "mf-train\mf-train.vcxproj", "{533905A8-C150-4C43-A195-79ACF85CF5D3}"
EndProject
Project("{8BC9CEB8-8B4A-11D0-8D11-00A0C91BC942}") = "MyDynamicLib", "MyDynamicLib\MyDynamicLib.vcxproj", "{B36DAF51-E949-4516-8F7B-FA2041322CAE}"
EndProject
Project("{8BC9CEB8-8B4A-11D0-8D11-00A0C91BC942}") = "MyStaticLib", "MyStaticLib\MyStaticLib.vcxproj", "{CEDAF365-71DD-4400-AEA9-D044A32B628F}"
EndProject
Project("{8BC9CEB8-8B4A-11D0-8D11-00A0C91BC942}") = "OpenMPTest", "OpenMPTest\OpenMPTest.vcxproj", "{AEFB9D2F-E46B-4579-BE13-AA9C34A70D6E}"
EndProject
Project("{888888A0-9F3D-457C-B088-3A5042F75D52}") = "PythonDataDrawings", "PythonDataDrawings\PythonDataDrawings.pyproj", "{3BA4911A-46CB-40F9-BC5F-BDEA8F851D33}"
EndProject
Project("{8BC9CEB8-8B4A-11D0-8D11-00A0C91BC942}") = "randomStudents", "randomStudents\randomStudents.vcxproj", "{FACC8335-0B79-4560-BE0C-53BA29AA3AC5}"
EndProject
Project("{8BC9CEB8-8B4A-11D0-8D11-00A0C91BC942}") = "SubClassConstruction", "SubClassConstruction\SubClassConstruction.vcxproj", "{4D48D82F-C875-4127-9C03-D6071353EA1B}"
EndProject
Project("{8BC9CEB8-8B4A-11D0-8D11-00A0C91BC942}") = "TLSUsing", "TLSUsing\TLSUsing.vcxproj", "{469D5DDD-F5F6-47B6-8B22-F69520FD2653}"
EndProject
Project("{8BC9CEB8-8B4A-11D0-8D11-00A0C91BC942}") = "TravelFolderTest", "TravelFolderTest\TravelFolderTest.vcxproj", "{334DCA5A-5F1A-42DC-B48C-73A638ED664C}"
EndProject
Project("{8BC9CEB8-8B4A-11D0-8D11-00A0C91BC942}") = "VirtualClassProblem", "VirtualClassProblem\VirtualClassProblem.vcxproj", "{78AE84C4-32CF-4733-96F4-9EDCD7DA8A59}"
EndProject
Project("{8BC9CEB8-8B4A-11D0-8D11-00A0C91BC942}") = "WalkingCallStack", "WalkingCallStack\WalkingCallStack.vcxproj", "{321E6EFF-FB78-4017-8679-01486EA85FA3}"
EndProject
Project("{2150E333-8FDC-42A3-9474-1A3956D46DE8}") = "C++", "C++", "{0F65F980-937E-4FFB-872A-9D508429E121}"
EndProject
Project("{2150E333-8FDC-42A3-9474-1A3956D46DE8}") = "Python", "Python", "{E7558FE5-5428-4A7A-BEA8-73F20467E054}"
EndProject
Project("{8BC9CEB8-8B4A-11D0-8D11-00A0C91BC942}") = "Assignment4", "Assignment4\Assignment4.vcxproj", "{77029B43-EB9C-4B16-A28D-7E4873B45BE4}"
EndProject
Project("{888888A0-9F3D-457C-B088-3A5042F75D52}") = "testBeautifulSoup", "testBeautifulSoup\testBeautifulSoup.pyproj", "{33F20FD4-0358-4652-8412-BAF192E9742F}"
EndProject
Project("{8BC9CEB8-8B4A-11D0-8D11-00A0C91BC942}") = "Assignment5", "Assignment5\Assignment5.vcxproj", "{231CDAB4-67B2-4E62-85DB-D6F32EBA2125}"
EndProject
Project("{8BC9CEB8-8B4A-11D0-8D11-00A0C91BC942}") = "Assignment6", "Assignment6\Assignment6.vcxproj", "{CACDD4D6-0AD6-4B0A-908B-72CB6A0A7B3F}"
EndProject
Project("{8BC9CEB8-8B4A-11D0-8D11-00A0C91BC942}") = "MinPositive", "MinPositive\MinPositive.vcxproj", "{49C64FF2-784E-4E51-96DA-102C48EA2625}"
EndProject
Project("{8BC9CEB8-8B4A-11D0-8D11-00A0C91BC942}") = "Assignment7", "Assignment7\Assignment7.vcxproj", "{D597FB67-7FAF-4812-81F9-0DE133557D64}"
EndProject
Project("{8BC9CEB8-8B4A-11D0-8D11-00A0C91BC942}") = "randomTest", "randomTest\randomTest.vcxproj", "{05FD2032-A952-4474-9B95-2CB0AF7AFAA2}"
EndProject
Project("{2150E333-8FDC-42A3-9474-1A3956D46DE8}") = "Gbit", "Gbit", "{880D6214-2254-448C-85AE-C3E1C4CE645E}"
EndProject
Project("{8BC9CEB8-8B4A-11D0-8D11-00A0C91BC942}") = "Gbit-0", "Gbit-0\Gbit-0.vcxproj", "{7493AAA4-090C-4356-9CF3-2DC9921C44D7}"
EndProject
Project("{8BC9CEB8-8B4A-11D0-8D11-00A0C91BC942}") = "Gbit-1", "Gbit-1\Gbit-1.vcxproj", "{BDB77EC9-B77D-4847-96C2-7ED935C682B7}"
EndProject
Project("{8BC9CEB8-8B4A-11D0-8D11-00A0C91BC942}") = "Gbit-2", "Gbit-2\Gbit-2.vcxproj", "{CB495650-B454-49C1-96EF-18BEE73B2CF9}"
EndProject
Project("{8BC9CEB8-8B4A-11D0-8D11-00A0C91BC942}") = "Assignment8", "Assignment8\Assignment8.vcxproj", "{D51F5340-B91E-4A08-BBBB-F5126E2043AF}"
EndProject
Project("{888888A0-9F3D-457C-B088-3A5042F75D52}") = "Barchart", "Barchart\Barchart.pyproj", "{5EE568FB-91C2-439F-859D-00A6AD5CFAC6}"
EndProject
Project("{8BC9CEB8-8B4A-11D0-8D11-00A0C91BC942}") = "EmptyLine", "EmptyLine\EmptyLine.vcxproj", "{FEA114A4-F2E4-4E93-83CC-0C851B523CE8}"
EndProject
Project("{8BC9CEB8-8B4A-11D0-8D11-00A0C91BC942}") = "SharedPtrTrivals", "SharedPtrTrivals\SharedPtrTrivals.vcxproj", "{04940CE3-5A4A-46CD-A5AC-C1FDCE1B61C4}"
EndProject
Project("{8BC9CEB8-8B4A-11D0-8D11-00A0C91BC942}") = "NumericalProblem", "NumericalProblem\NumericalProblem.vcxproj", "{54419986-F60B-4144-954C-DF5A4D059B25}"
EndProject
Project("{8BC9CEB8-8B4A-11D0-8D11-00A0C91BC942}") = "WinCMDTest", "WinCMDTest\WinCMDTest.vcxproj", "{34B9D959-B431-4E68-A25E-B0F7EF4D8587}"
EndProject
Global
	GlobalSection(SolutionConfigurationPlatforms) = preSolution
		Debug|Any CPU = Debug|Any CPU
		Debug|x64 = Debug|x64
		Debug|x86 = Debug|x86
		Release|Any CPU = Release|Any CPU
		Release|x64 = Release|x64
		Release|x86 = Release|x86
	EndGlobalSection
	GlobalSection(ProjectConfigurationPlatforms) = postSolution
		{995DFDC8-0D77-464F-89F1-6929678DFE68}.Debug|Any CPU.ActiveCfg = Debug|Win32
		{995DFDC8-0D77-464F-89F1-6929678DFE68}.Debug|x64.ActiveCfg = Debug|x64
		{995DFDC8-0D77-464F-89F1-6929678DFE68}.Debug|x64.Build.0 = Debug|x64
		{995DFDC8-0D77-464F-89F1-6929678DFE68}.Debug|x86.ActiveCfg = Debug|Win32
		{995DFDC8-0D77-464F-89F1-6929678DFE68}.Debug|x86.Build.0 = Debug|Win32
		{995DFDC8-0D77-464F-89F1-6929678DFE68}.Release|Any CPU.ActiveCfg = Release|Win32
		{995DFDC8-0D77-464F-89F1-6929678DFE68}.Release|x64.ActiveCfg = Release|x64
		{995DFDC8-0D77-464F-89F1-6929678DFE68}.Release|x64.Build.0 = Release|x64
		{995DFDC8-0D77-464F-89F1-6929678DFE68}.Release|x86.ActiveCfg = Release|Win32
		{995DFDC8-0D77-464F-89F1-6929678DFE68}.Release|x86.Build.0 = Release|Win32
		{A5387313-7D31-4772-ABB4-EFAF6B4C1BFB}.Debug|Any CPU.ActiveCfg = Debug|Win32
		{A5387313-7D31-4772-ABB4-EFAF6B4C1BFB}.Debug|x64.ActiveCfg = Debug|x64
		{A5387313-7D31-4772-ABB4-EFAF6B4C1BFB}.Debug|x64.Build.0 = Debug|x64
		{A5387313-7D31-4772-ABB4-EFAF6B4C1BFB}.Debug|x86.ActiveCfg = Debug|Win32
		{A5387313-7D31-4772-ABB4-EFAF6B4C1BFB}.Debug|x86.Build.0 = Debug|Win32
		{A5387313-7D31-4772-ABB4-EFAF6B4C1BFB}.Release|Any CPU.ActiveCfg = Release|Win32
		{A5387313-7D31-4772-ABB4-EFAF6B4C1BFB}.Release|x64.ActiveCfg = Release|x64
		{A5387313-7D31-4772-ABB4-EFAF6B4C1BFB}.Release|x64.Build.0 = Release|x64
		{A5387313-7D31-4772-ABB4-EFAF6B4C1BFB}.Release|x86.ActiveCfg = Release|Win32
		{A5387313-7D31-4772-ABB4-EFAF6B4C1BFB}.Release|x86.Build.0 = Release|Win32
		{88105836-558D-4AA1-AB8D-CECCD7006A96}.Debug|Any CPU.ActiveCfg = Debug|Win32
		{88105836-558D-4AA1-AB8D-CECCD7006A96}.Debug|x64.ActiveCfg = Debug|x64
		{88105836-558D-4AA1-AB8D-CECCD7006A96}.Debug|x64.Build.0 = Debug|x64
		{88105836-558D-4AA1-AB8D-CECCD7006A96}.Debug|x86.ActiveCfg = Debug|Win32
		{88105836-558D-4AA1-AB8D-CECCD7006A96}.Debug|x86.Build.0 = Debug|Win32
		{88105836-558D-4AA1-AB8D-CECCD7006A96}.Release|Any CPU.ActiveCfg = Release|Win32
		{88105836-558D-4AA1-AB8D-CECCD7006A96}.Release|x64.ActiveCfg = Release|x64
		{88105836-558D-4AA1-AB8D-CECCD7006A96}.Release|x64.Build.0 = Release|x64
		{88105836-558D-4AA1-AB8D-CECCD7006A96}.Release|x86.ActiveCfg = Release|Win32
		{88105836-558D-4AA1-AB8D-CECCD7006A96}.Release|x86.Build.0 = Release|Win32
		{524A4D0B-F578-4669-B75A-ED9007C56F13}.Debug|Any CPU.ActiveCfg = Debug|Win32
		{524A4D0B-F578-4669-B75A-ED9007C56F13}.Debug|x64.ActiveCfg = Debug|x64
		{524A4D0B-F578-4669-B75A-ED9007C56F13}.Debug|x64.Build.0 = Debug|x64
		{524A4D0B-F578-4669-B75A-ED9007C56F13}.Debug|x86.ActiveCfg = Debug|Win32
		{524A4D0B-F578-4669-B75A-ED9007C56F13}.Debug|x86.Build.0 = Debug|Win32
		{524A4D0B-F578-4669-B75A-ED9007C56F13}.Release|Any CPU.ActiveCfg = Release|Win32
		{524A4D0B-F578-4669-B75A-ED9007C56F13}.Release|x64.ActiveCfg = Release|x64
		{524A4D0B-F578-4669-B75A-ED9007C56F13}.Release|x64.Build.0 = Release|x64
		{524A4D0B-F578-4669-B75A-ED9007C56F13}.Release|x86.ActiveCfg = Release|Win32
		{524A4D0B-F578-4669-B75A-ED9007C56F13}.Release|x86.Build.0 = Release|Win32
		{B202DAE1-4093-40EA-A649-779FA86C6DE8}.Debug|Any CPU.ActiveCfg = Debug|Win32
		{B202DAE1-4093-40EA-A649-779FA86C6DE8}.Debug|x64.ActiveCfg = Debug|x64
		{B202DAE1-4093-40EA-A649-779FA86C6DE8}.Debug|x64.Build.0 = Debug|x64
		{B202DAE1-4093-40EA-A649-779FA86C6DE8}.Debug|x86.ActiveCfg = Debug|Win32
		{B202DAE1-4093-40EA-A649-779FA86C6DE8}.Debug|x86.Build.0 = Debug|Win32
		{B202DAE1-4093-40EA-A649-779FA86C6DE8}.Release|Any CPU.ActiveCfg = Release|Win32
		{B202DAE1-4093-40EA-A649-779FA86C6DE8}.Release|x64.ActiveCfg = Release|x64
		{B202DAE1-4093-40EA-A649-779FA86C6DE8}.Release|x64.Build.0 = Release|x64
		{B202DAE1-4093-40EA-A649-779FA86C6DE8}.Release|x86.ActiveCfg = Release|Win32
		{B202DAE1-4093-40EA-A649-779FA86C6DE8}.Release|x86.Build.0 = Release|Win32
		{533905A8-C150-4C43-A195-79ACF85CF5D3}.Debug|Any CPU.ActiveCfg = Debug|Win32
		{533905A8-C150-4C43-A195-79ACF85CF5D3}.Debug|x64.ActiveCfg = Debug|x64
		{533905A8-C150-4C43-A195-79ACF85CF5D3}.Debug|x64.Build.0 = Debug|x64
		{533905A8-C150-4C43-A195-79ACF85CF5D3}.Debug|x86.ActiveCfg = Debug|Win32
		{533905A8-C150-4C43-A195-79ACF85CF5D3}.Debug|x86.Build.0 = Debug|Win32
		{533905A8-C150-4C43-A195-79ACF85CF5D3}.Release|Any CPU.ActiveCfg = Release|Win32
		{533905A8-C150-4C43-A195-79ACF85CF5D3}.Release|x64.ActiveCfg = Release|x64
		{533905A8-C150-4C43-A195-79ACF85CF5D3}.Release|x64.Build.0 = Release|x64
		{533905A8-C150-4C43-A195-79ACF85CF5D3}.Release|x86.ActiveCfg = Release|Win32
		{533905A8-C150-4C43-A195-79ACF85CF5D3}.Release|x86.Build.0 = Release|Win32
		{B36DAF51-E949-4516-8F7B-FA2041322CAE}.Debug|Any CPU.ActiveCfg = Debug|Win32
		{B36DAF51-E949-4516-8F7B-FA2041322CAE}.Debug|x64.ActiveCfg = Debug|x64
		{B36DAF51-E949-4516-8F7B-FA2041322CAE}.Debug|x64.Build.0 = Debug|x64
		{B36DAF51-E949-4516-8F7B-FA2041322CAE}.Debug|x86.ActiveCfg = Debug|Win32
		{B36DAF51-E949-4516-8F7B-FA2041322CAE}.Debug|x86.Build.0 = Debug|Win32
		{B36DAF51-E949-4516-8F7B-FA2041322CAE}.Release|Any CPU.ActiveCfg = Release|Win32
		{B36DAF51-E949-4516-8F7B-FA2041322CAE}.Release|x64.ActiveCfg = Release|x64
		{B36DAF51-E949-4516-8F7B-FA2041322CAE}.Release|x64.Build.0 = Release|x64
		{B36DAF51-E949-4516-8F7B-FA2041322CAE}.Release|x86.ActiveCfg = Release|Win32
		{B36DAF51-E949-4516-8F7B-FA2041322CAE}.Release|x86.Build.0 = Release|Win32
		{CEDAF365-71DD-4400-AEA9-D044A32B628F}.Debug|Any CPU.ActiveCfg = Debug|Win32
		{CEDAF365-71DD-4400-AEA9-D044A32B628F}.Debug|x64.ActiveCfg = Debug|x64
		{CEDAF365-71DD-4400-AEA9-D044A32B628F}.Debug|x64.Build.0 = Debug|x64
		{CEDAF365-71DD-4400-AEA9-D044A32B628F}.Debug|x86.ActiveCfg = Debug|Win32
		{CEDAF365-71DD-4400-AEA9-D044A32B628F}.Debug|x86.Build.0 = Debug|Win32
		{CEDAF365-71DD-4400-AEA9-D044A32B628F}.Release|Any CPU.ActiveCfg = Release|Win32
		{CEDAF365-71DD-4400-AEA9-D044A32B628F}.Release|x64.ActiveCfg = Release|x64
		{CEDAF365-71DD-4400-AEA9-D044A32B628F}.Release|x64.Build.0 = Release|x64
		{CEDAF365-71DD-4400-AEA9-D044A32B628F}.Release|x86.ActiveCfg = Release|Win32
		{CEDAF365-71DD-4400-AEA9-D044A32B628F}.Release|x86.Build.0 = Release|Win32
		{AEFB9D2F-E46B-4579-BE13-AA9C34A70D6E}.Debug|Any CPU.ActiveCfg = Debug|Win32
		{AEFB9D2F-E46B-4579-BE13-AA9C34A70D6E}.Debug|x64.ActiveCfg = Debug|x64
		{AEFB9D2F-E46B-4579-BE13-AA9C34A70D6E}.Debug|x64.Build.0 = Debug|x64
		{AEFB9D2F-E46B-4579-BE13-AA9C34A70D6E}.Debug|x86.ActiveCfg = Debug|Win32
		{AEFB9D2F-E46B-4579-BE13-AA9C34A70D6E}.Debug|x86.Build.0 = Debug|Win32
		{AEFB9D2F-E46B-4579-BE13-AA9C34A70D6E}.Release|Any CPU.ActiveCfg = Release|Win32
		{AEFB9D2F-E46B-4579-BE13-AA9C34A70D6E}.Release|x64.ActiveCfg = Release|x64
		{AEFB9D2F-E46B-4579-BE13-AA9C34A70D6E}.Release|x64.Build.0 = Release|x64
		{AEFB9D2F-E46B-4579-BE13-AA9C34A70D6E}.Release|x86.ActiveCfg = Release|Win32
		{AEFB9D2F-E46B-4579-BE13-AA9C34A70D6E}.Release|x86.Build.0 = Release|Win32
		{3BA4911A-46CB-40F9-BC5F-BDEA8F851D33}.Debug|Any CPU.ActiveCfg = Debug|Any CPU
		{3BA4911A-46CB-40F9-BC5F-BDEA8F851D33}.Debug|x64.ActiveCfg = Debug|Any CPU
		{3BA4911A-46CB-40F9-BC5F-BDEA8F851D33}.Debug|x86.ActiveCfg = Debug|Any CPU
		{3BA4911A-46CB-40F9-BC5F-BDEA8F851D33}.Release|Any CPU.ActiveCfg = Release|Any CPU
		{3BA4911A-46CB-40F9-BC5F-BDEA8F851D33}.Release|x64.ActiveCfg = Release|Any CPU
		{3BA4911A-46CB-40F9-BC5F-BDEA8F851D33}.Release|x86.ActiveCfg = Release|Any CPU
		{FACC8335-0B79-4560-BE0C-53BA29AA3AC5}.Debug|Any CPU.ActiveCfg = Debug|Win32
		{FACC8335-0B79-4560-BE0C-53BA29AA3AC5}.Debug|x64.ActiveCfg = Debug|x64
		{FACC8335-0B79-4560-BE0C-53BA29AA3AC5}.Debug|x64.Build.0 = Debug|x64
		{FACC8335-0B79-4560-BE0C-53BA29AA3AC5}.Debug|x86.ActiveCfg = Debug|Win32
		{FACC8335-0B79-4560-BE0C-53BA29AA3AC5}.Debug|x86.Build.0 = Debug|Win32
		{FACC8335-0B79-4560-BE0C-53BA29AA3AC5}.Release|Any CPU.ActiveCfg = Release|Win32
		{FACC8335-0B79-4560-BE0C-53BA29AA3AC5}.Release|x64.ActiveCfg = Release|x64
		{FACC8335-0B79-4560-BE0C-53BA29AA3AC5}.Release|x64.Build.0 = Release|x64
		{FACC8335-0B79-4560-BE0C-53BA29AA3AC5}.Release|x86.ActiveCfg = Release|Win32
		{FACC8335-0B79-4560-BE0C-53BA29AA3AC5}.Release|x86.Build.0 = Release|Win32
		{4D48D82F-C875-4127-9C03-D6071353EA1B}.Debug|Any CPU.ActiveCfg = Debug|Win32
		{4D48D82F-C875-4127-9C03-D6071353EA1B}.Debug|x64.ActiveCfg = Debug|x64
		{4D48D82F-C875-4127-9C03-D6071353EA1B}.Debug|x64.Build.0 = Debug|x64
		{4D48D82F-C875-4127-9C03-D6071353EA1B}.Debug|x86.ActiveCfg = Debug|Win32
		{4D48D82F-C875-4127-9C03-D6071353EA1B}.Debug|x86.Build.0 = Debug|Win32
		{4D48D82F-C875-4127-9C03-D6071353EA1B}.Release|Any CPU.ActiveCfg = Release|Win32
		{4D48D82F-C875-4127-9C03-D6071353EA1B}.Release|x64.ActiveCfg = Release|x64
		{4D48D82F-C875-4127-9C03-D6071353EA1B}.Release|x64.Build.0 = Release|x64
		{4D48D82F-C875-4127-9C03-D6071353EA1B}.Release|x86.ActiveCfg = Release|Win32
		{4D48D82F-C875-4127-9C03-D6071353EA1B}.Release|x86.Build.0 = Release|Win32
		{469D5DDD-F5F6-47B6-8B22-F69520FD2653}.Debug|Any CPU.ActiveCfg = Debug|Win32
		{469D5DDD-F5F6-47B6-8B22-F69520FD2653}.Debug|x64.ActiveCfg = Debug|x64
		{469D5DDD-F5F6-47B6-8B22-F69520FD2653}.Debug|x64.Build.0 = Debug|x64
		{469D5DDD-F5F6-47B6-8B22-F69520FD2653}.Debug|x86.ActiveCfg = Debug|Win32
		{469D5DDD-F5F6-47B6-8B22-F69520FD2653}.Debug|x86.Build.0 = Debug|Win32
		{469D5DDD-F5F6-47B6-8B22-F69520FD2653}.Release|Any CPU.ActiveCfg = Release|Win32
		{469D5DDD-F5F6-47B6-8B22-F69520FD2653}.Release|x64.ActiveCfg = Release|x64
		{469D5DDD-F5F6-47B6-8B22-F69520FD2653}.Release|x64.Build.0 = Release|x64
		{469D5DDD-F5F6-47B6-8B22-F69520FD2653}.Release|x86.ActiveCfg = Release|Win32
		{469D5DDD-F5F6-47B6-8B22-F69520FD2653}.Release|x86.Build.0 = Release|Win32
		{334DCA5A-5F1A-42DC-B48C-73A638ED664C}.Debug|Any CPU.ActiveCfg = Debug|Win32
		{334DCA5A-5F1A-42DC-B48C-73A638ED664C}.Debug|x64.ActiveCfg = Debug|x64
		{334DCA5A-5F1A-42DC-B48C-73A638ED664C}.Debug|x64.Build.0 = Debug|x64
		{334DCA5A-5F1A-42DC-B48C-73A638ED664C}.Debug|x86.ActiveCfg = Debug|Win32
		{334DCA5A-5F1A-42DC-B48C-73A638ED664C}.Debug|x86.Build.0 = Debug|Win32
		{334DCA5A-5F1A-42DC-B48C-73A638ED664C}.Release|Any CPU.ActiveCfg = Release|Win32
		{334DCA5A-5F1A-42DC-B48C-73A638ED664C}.Release|x64.ActiveCfg = Release|x64
		{334DCA5A-5F1A-42DC-B48C-73A638ED664C}.Release|x64.Build.0 = Release|x64
		{334DCA5A-5F1A-42DC-B48C-73A638ED664C}.Release|x86.ActiveCfg = Release|Win32
		{334DCA5A-5F1A-42DC-B48C-73A638ED664C}.Release|x86.Build.0 = Release|Win32
		{78AE84C4-32CF-4733-96F4-9EDCD7DA8A59}.Debug|Any CPU.ActiveCfg = Debug|Win32
		{78AE84C4-32CF-4733-96F4-9EDCD7DA8A59}.Debug|x64.ActiveCfg = Debug|x64
		{78AE84C4-32CF-4733-96F4-9EDCD7DA8A59}.Debug|x64.Build.0 = Debug|x64
		{78AE84C4-32CF-4733-96F4-9EDCD7DA8A59}.Debug|x86.ActiveCfg = Debug|Win32
		{78AE84C4-32CF-4733-96F4-9EDCD7DA8A59}.Debug|x86.Build.0 = Debug|Win32
		{78AE84C4-32CF-4733-96F4-9EDCD7DA8A59}.Release|Any CPU.ActiveCfg = Release|Win32
		{78AE84C4-32CF-4733-96F4-9EDCD7DA8A59}.Release|x64.ActiveCfg = Release|x64
		{78AE84C4-32CF-4733-96F4-9EDCD7DA8A59}.Release|x64.Build.0 = Release|x64
		{78AE84C4-32CF-4733-96F4-9EDCD7DA8A59}.Release|x86.ActiveCfg = Release|Win32
		{78AE84C4-32CF-4733-96F4-9EDCD7DA8A59}.Release|x86.Build.0 = Release|Win32
		{321E6EFF-FB78-4017-8679-01486EA85FA3}.Debug|Any CPU.ActiveCfg = Debug|Win32
		{321E6EFF-FB78-4017-8679-01486EA85FA3}.Debug|x64.ActiveCfg = Debug|x64
		{321E6EFF-FB78-4017-8679-01486EA85FA3}.Debug|x64.Build.0 = Debug|x64
		{321E6EFF-FB78-4017-8679-01486EA85FA3}.Debug|x86.ActiveCfg = Debug|Win32
		{321E6EFF-FB78-4017-8679-01486EA85FA3}.Debug|x86.Build.0 = Debug|Win32
		{321E6EFF-FB78-4017-8679-01486EA85FA3}.Release|Any CPU.ActiveCfg = Release|Win32
		{321E6EFF-FB78-4017-8679-01486EA85FA3}.Release|x64.ActiveCfg = Release|x64
		{321E6EFF-FB78-4017-8679-01486EA85FA3}.Release|x64.Build.0 = Release|x64
		{321E6EFF-FB78-4017-8679-01486EA85FA3}.Release|x86.ActiveCfg = Release|Win32
		{321E6EFF-FB78-4017-8679-01486EA85FA3}.Release|x86.Build.0 = Release|Win32
		{77029B43-EB9C-4B16-A28D-7E4873B45BE4}.Debug|Any CPU.ActiveCfg = Debug|Win32
		{77029B43-EB9C-4B16-A28D-7E4873B45BE4}.Debug|x64.ActiveCfg = Debug|x64
		{77029B43-EB9C-4B16-A28D-7E4873B45BE4}.Debug|x64.Build.0 = Debug|x64
		{77029B43-EB9C-4B16-A28D-7E4873B45BE4}.Debug|x86.ActiveCfg = Debug|Win32
		{77029B43-EB9C-4B16-A28D-7E4873B45BE4}.Debug|x86.Build.0 = Debug|Win32
		{77029B43-EB9C-4B16-A28D-7E4873B45BE4}.Release|Any CPU.ActiveCfg = Release|Win32
		{77029B43-EB9C-4B16-A28D-7E4873B45BE4}.Release|x64.ActiveCfg = Release|x64
		{77029B43-EB9C-4B16-A28D-7E4873B45BE4}.Release|x64.Build.0 = Release|x64
		{77029B43-EB9C-4B16-A28D-7E4873B45BE4}.Release|x86.ActiveCfg = Release|Win32
		{77029B43-EB9C-4B16-A28D-7E4873B45BE4}.Release|x86.Build.0 = Release|Win32
		{33F20FD4-0358-4652-8412-BAF192E9742F}.Debug|Any CPU.ActiveCfg = Debug|Any CPU
		{33F20FD4-0358-4652-8412-BAF192E9742F}.Debug|x64.ActiveCfg = Debug|Any CPU
		{33F20FD4-0358-4652-8412-BAF192E9742F}.Debug|x86.ActiveCfg = Debug|Any CPU
		{33F20FD4-0358-4652-8412-BAF192E9742F}.Release|Any CPU.ActiveCfg = Release|Any CPU
		{33F20FD4-0358-4652-8412-BAF192E9742F}.Release|x64.ActiveCfg = Release|Any CPU
		{33F20FD4-0358-4652-8412-BAF192E9742F}.Release|x86.ActiveCfg = Release|Any CPU
		{231CDAB4-67B2-4E62-85DB-D6F32EBA2125}.Debug|Any CPU.ActiveCfg = Debug|Win32
		{231CDAB4-67B2-4E62-85DB-D6F32EBA2125}.Debug|x64.ActiveCfg = Debug|x64
		{231CDAB4-67B2-4E62-85DB-D6F32EBA2125}.Debug|x64.Build.0 = Debug|x64
		{231CDAB4-67B2-4E62-85DB-D6F32EBA2125}.Debug|x86.ActiveCfg = Debug|Win32
		{231CDAB4-67B2-4E62-85DB-D6F32EBA2125}.Debug|x86.Build.0 = Debug|Win32
		{231CDAB4-67B2-4E62-85DB-D6F32EBA2125}.Release|Any CPU.ActiveCfg = Release|Win32
		{231CDAB4-67B2-4E62-85DB-D6F32EBA2125}.Release|x64.ActiveCfg = Release|x64
		{231CDAB4-67B2-4E62-85DB-D6F32EBA2125}.Release|x64.Build.0 = Release|x64
		{231CDAB4-67B2-4E62-85DB-D6F32EBA2125}.Release|x86.ActiveCfg = Release|Win32
		{231CDAB4-67B2-4E62-85DB-D6F32EBA2125}.Release|x86.Build.0 = Release|Win32
		{CACDD4D6-0AD6-4B0A-908B-72CB6A0A7B3F}.Debug|Any CPU.ActiveCfg = Debug|Win32
		{CACDD4D6-0AD6-4B0A-908B-72CB6A0A7B3F}.Debug|x64.ActiveCfg = Debug|x64
		{CACDD4D6-0AD6-4B0A-908B-72CB6A0A7B3F}.Debug|x64.Build.0 = Debug|x64
		{CACDD4D6-0AD6-4B0A-908B-72CB6A0A7B3F}.Debug|x86.ActiveCfg = Debug|Win32
		{CACDD4D6-0AD6-4B0A-908B-72CB6A0A7B3F}.Debug|x86.Build.0 = Debug|Win32
		{CACDD4D6-0AD6-4B0A-908B-72CB6A0A7B3F}.Release|Any CPU.ActiveCfg = Release|Win32
		{CACDD4D6-0AD6-4B0A-908B-72CB6A0A7B3F}.Release|x64.ActiveCfg = Release|x64
		{CACDD4D6-0AD6-4B0A-908B-72CB6A0A7B3F}.Release|x64.Build.0 = Release|x64
		{CACDD4D6-0AD6-4B0A-908B-72CB6A0A7B3F}.Release|x86.ActiveCfg = Release|Win32
		{CACDD4D6-0AD6-4B0A-908B-72CB6A0A7B3F}.Release|x86.Build.0 = Release|Win32
		{49C64FF2-784E-4E51-96DA-102C48EA2625}.Debug|Any CPU.ActiveCfg = Debug|Win32
		{49C64FF2-784E-4E51-96DA-102C48EA2625}.Debug|x64.ActiveCfg = Debug|x64
		{49C64FF2-784E-4E51-96DA-102C48EA2625}.Debug|x64.Build.0 = Debug|x64
		{49C64FF2-784E-4E51-96DA-102C48EA2625}.Debug|x86.ActiveCfg = Debug|Win32
		{49C64FF2-784E-4E51-96DA-102C48EA2625}.Debug|x86.Build.0 = Debug|Win32
		{49C64FF2-784E-4E51-96DA-102C48EA2625}.Release|Any CPU.ActiveCfg = Release|Win32
		{49C64FF2-784E-4E51-96DA-102C48EA2625}.Release|x64.ActiveCfg = Release|x64
		{49C64FF2-784E-4E51-96DA-102C48EA2625}.Release|x64.Build.0 = Release|x64
		{49C64FF2-784E-4E51-96DA-102C48EA2625}.Release|x86.ActiveCfg = Release|Win32
		{49C64FF2-784E-4E51-96DA-102C48EA2625}.Release|x86.Build.0 = Release|Win32
		{D597FB67-7FAF-4812-81F9-0DE133557D64}.Debug|Any CPU.ActiveCfg = Debug|Win32
		{D597FB67-7FAF-4812-81F9-0DE133557D64}.Debug|x64.ActiveCfg = Debug|x64
		{D597FB67-7FAF-4812-81F9-0DE133557D64}.Debug|x64.Build.0 = Debug|x64
		{D597FB67-7FAF-4812-81F9-0DE133557D64}.Debug|x86.ActiveCfg = Debug|Win32
		{D597FB67-7FAF-4812-81F9-0DE133557D64}.Debug|x86.Build.0 = Debug|Win32
		{D597FB67-7FAF-4812-81F9-0DE133557D64}.Release|Any CPU.ActiveCfg = Release|Win32
		{D597FB67-7FAF-4812-81F9-0DE133557D64}.Release|x64.ActiveCfg = Release|x64
		{D597FB67-7FAF-4812-81F9-0DE133557D64}.Release|x64.Build.0 = Release|x64
		{D597FB67-7FAF-4812-81F9-0DE133557D64}.Release|x86.ActiveCfg = Release|Win32
		{D597FB67-7FAF-4812-81F9-0DE133557D64}.Release|x86.Build.0 = Release|Win32
		{05FD2032-A952-4474-9B95-2CB0AF7AFAA2}.Debug|Any CPU.ActiveCfg = Debug|Win32
		{05FD2032-A952-4474-9B95-2CB0AF7AFAA2}.Debug|x64.ActiveCfg = Debug|x64
		{05FD2032-A952-4474-9B95-2CB0AF7AFAA2}.Debug|x64.Build.0 = Debug|x64
		{05FD2032-A952-4474-9B95-2CB0AF7AFAA2}.Debug|x86.ActiveCfg = Debug|Win32
		{05FD2032-A952-4474-9B95-2CB0AF7AFAA2}.Debug|x86.Build.0 = Debug|Win32
		{05FD2032-A952-4474-9B95-2CB0AF7AFAA2}.Release|Any CPU.ActiveCfg = Release|Win32
		{05FD2032-A952-4474-9B95-2CB0AF7AFAA2}.Release|x64.ActiveCfg = Release|x64
		{05FD2032-A952-4474-9B95-2CB0AF7AFAA2}.Release|x64.Build.0 = Release|x64
		{05FD2032-A952-4474-9B95-2CB0AF7AFAA2}.Release|x86.ActiveCfg = Release|Win32
		{05FD2032-A952-4474-9B95-2CB0AF7AFAA2}.Release|x86.Build.0 = Release|Win32
		{7493AAA4-090C-4356-9CF3-2DC9921C44D7}.Debug|Any CPU.ActiveCfg = Debug|Win32
		{7493AAA4-090C-4356-9CF3-2DC9921C44D7}.Debug|x64.ActiveCfg = Debug|x64
		{7493AAA4-090C-4356-9CF3-2DC9921C44D7}.Debug|x64.Build.0 = Debug|x64
		{7493AAA4-090C-4356-9CF3-2DC9921C44D7}.Debug|x86.ActiveCfg = Debug|Win32
		{7493AAA4-090C-4356-9CF3-2DC9921C44D7}.Debug|x86.Build.0 = Debug|Win32
		{7493AAA4-090C-4356-9CF3-2DC9921C44D7}.Release|Any CPU.ActiveCfg = Release|Win32
		{7493AAA4-090C-4356-9CF3-2DC9921C44D7}.Release|x64.ActiveCfg = Release|x64
		{7493AAA4-090C-4356-9CF3-2DC9921C44D7}.Release|x64.Build.0 = Release|x64
		{7493AAA4-090C-4356-9CF3-2DC9921C44D7}.Release|x86.ActiveCfg = Release|Win32
		{7493AAA4-090C-4356-9CF3-2DC9921C44D7}.Release|x86.Build.0 = Release|Win32
		{BDB77EC9-B77D-4847-96C2-7ED935C682B7}.Debug|Any CPU.ActiveCfg = Debug|Win32
		{BDB77EC9-B77D-4847-96C2-7ED935C682B7}.Debug|x64.ActiveCfg = Debug|x64
		{BDB77EC9-B77D-4847-96C2-7ED935C682B7}.Debug|x64.Build.0 = Debug|x64
		{BDB77EC9-B77D-4847-96C2-7ED935C682B7}.Debug|x86.ActiveCfg = Debug|Win32
		{BDB77EC9-B77D-4847-96C2-7ED935C682B7}.Debug|x86.Build.0 = Debug|Win32
		{BDB77EC9-B77D-4847-96C2-7ED935C682B7}.Release|Any CPU.ActiveCfg = Release|Win32
		{BDB77EC9-B77D-4847-96C2-7ED935C682B7}.Release|x64.ActiveCfg = Release|x64
		{BDB77EC9-B77D-4847-96C2-7ED935C682B7}.Release|x64.Build.0 = Release|x64
		{BDB77EC9-B77D-4847-96C2-7ED935C682B7}.Release|x86.ActiveCfg = Release|Win32
		{BDB77EC9-B77D-4847-96C2-7ED935C682B7}.Release|x86.Build.0 = Release|Win32
		{CB495650-B454-49C1-96EF-18BEE73B2CF9}.Debug|Any CPU.ActiveCfg = Debug|Win32
		{CB495650-B454-49C1-96EF-18BEE73B2CF9}.Debug|x64.ActiveCfg = Debug|x64
		{CB495650-B454-49C1-96EF-18BEE73B2CF9}.Debug|x64.Build.0 = Debug|x64
		{CB495650-B454-49C1-96EF-18BEE73B2CF9}.Debug|x86.ActiveCfg = Debug|Win32
		{CB495650-B454-49C1-96EF-18BEE73B2CF9}.Debug|x86.Build.0 = Debug|Win32
		{CB495650-B454-49C1-96EF-18BEE73B2CF9}.Release|Any CPU.ActiveCfg = Release|Win32
		{CB495650-B454-49C1-96EF-18BEE73B2CF9}.Release|x64.ActiveCfg = Release|x64
		{CB495650-B454-49C1-96EF-18BEE73B2CF9}.Release|x64.Build.0 = Release|x64
		{CB495650-B454-49C1-96EF-18BEE73B2CF9}.Release|x86.ActiveCfg = Release|Win32
		{CB495650-B454-49C1-96EF-18BEE73B2CF9}.Release|x86.Build.0 = Release|Win32
		{D51F5340-B91E-4A08-BBBB-F5126E2043AF}.Debug|Any CPU.ActiveCfg = Debug|Win32
		{D51F5340-B91E-4A08-BBBB-F5126E2043AF}.Debug|x64.ActiveCfg = Debug|x64
		{D51F5340-B91E-4A08-BBBB-F5126E2043AF}.Debug|x64.Build.0 = Debug|x64
		{D51F5340-B91E-4A08-BBBB-F5126E2043AF}.Debug|x86.ActiveCfg = Debug|Win32
		{D51F5340-B91E-4A08-BBBB-F5126E2043AF}.Debug|x86.Build.0 = Debug|Win32
		{D51F5340-B91E-4A08-BBBB-F5126E2043AF}.Release|Any CPU.ActiveCfg = Release|Win32
		{D51F5340-B91E-4A08-BBBB-F5126E2043AF}.Release|x64.ActiveCfg = Release|x64
		{D51F5340-B91E-4A08-BBBB-F5126E2043AF}.Release|x64.Build.0 = Release|x64
		{D51F5340-B91E-4A08-BBBB-F5126E2043AF}.Release|x86.ActiveCfg = Release|Win32
		{D51F5340-B91E-4A08-BBBB-F5126E2043AF}.Release|x86.Build.0 = Release|Win32
		{5EE568FB-91C2-439F-859D-00A6AD5CFAC6}.Debug|Any CPU.ActiveCfg = Debug|Any CPU
		{5EE568FB-91C2-439F-859D-00A6AD5CFAC6}.Debug|x64.ActiveCfg = Debug|Any CPU
		{5EE568FB-91C2-439F-859D-00A6AD5CFAC6}.Debug|x86.ActiveCfg = Debug|Any CPU
		{5EE568FB-91C2-439F-859D-00A6AD5CFAC6}.Release|Any CPU.ActiveCfg = Release|Any CPU
		{5EE568FB-91C2-439F-859D-00A6AD5CFAC6}.Release|x64.ActiveCfg = Release|Any CPU
		{5EE568FB-91C2-439F-859D-00A6AD5CFAC6}.Release|x86.ActiveCfg = Release|Any CPU
		{FEA114A4-F2E4-4E93-83CC-0C851B523CE8}.Debug|Any CPU.ActiveCfg = Debug|Win32
		{FEA114A4-F2E4-4E93-83CC-0C851B523CE8}.Debug|x64.ActiveCfg = Debug|x64
		{FEA114A4-F2E4-4E93-83CC-0C851B523CE8}.Debug|x64.Build.0 = Debug|x64
		{FEA114A4-F2E4-4E93-83CC-0C851B523CE8}.Debug|x86.ActiveCfg = Debug|Win32
		{FEA114A4-F2E4-4E93-83CC-0C851B523CE8}.Debug|x86.Build.0 = Debug|Win32
		{FEA114A4-F2E4-4E93-83CC-0C851B523CE8}.Release|Any CPU.ActiveCfg = Release|Win32
		{FEA114A4-F2E4-4E93-83CC-0C851B523CE8}.Release|x64.ActiveCfg = Release|x64
		{FEA114A4-F2E4-4E93-83CC-0C851B523CE8}.Release|x64.Build.0 = Release|x64
		{FEA114A4-F2E4-4E93-83CC-0C851B523CE8}.Release|x86.ActiveCfg = Release|Win32
		{FEA114A4-F2E4-4E93-83CC-0C851B523CE8}.Release|x86.Build.0 = Release|Win32
		{04940CE3-5A4A-46CD-A5AC-C1FDCE1B61C4}.Debug|Any CPU.ActiveCfg = Debug|Win32
		{04940CE3-5A4A-46CD-A5AC-C1FDCE1B61C4}.Debug|x64.ActiveCfg = Debug|x64
		{04940CE3-5A4A-46CD-A5AC-C1FDCE1B61C4}.Debug|x64.Build.0 = Debug|x64
		{04940CE3-5A4A-46CD-A5AC-C1FDCE1B61C4}.Debug|x86.ActiveCfg = Debug|Win32
		{04940CE3-5A4A-46CD-A5AC-C1FDCE1B61C4}.Debug|x86.Build.0 = Debug|Win32
		{04940CE3-5A4A-46CD-A5AC-C1FDCE1B61C4}.Release|Any CPU.ActiveCfg = Release|Win32
		{04940CE3-5A4A-46CD-A5AC-C1FDCE1B61C4}.Release|x64.ActiveCfg = Release|x64
		{04940CE3-5A4A-46CD-A5AC-C1FDCE1B61C4}.Release|x64.Build.0 = Release|x64
		{04940CE3-5A4A-46CD-A5AC-C1FDCE1B61C4}.Release|x86.ActiveCfg = Release|Win32
		{04940CE3-5A4A-46CD-A5AC-C1FDCE1B61C4}.Release|x86.Build.0 = Release|Win32
		{54419986-F60B-4144-954C-DF5A4D059B25}.Debug|Any CPU.ActiveCfg = Debug|Win32
		{54419986-F60B-4144-954C-DF5A4D059B25}.Debug|x64.ActiveCfg = Debug|x64
		{54419986-F60B-4144-954C-DF5A4D059B25}.Debug|x64.Build.0 = Debug|x64
		{54419986-F60B-4144-954C-DF5A4D059B25}.Debug|x86.ActiveCfg = Debug|Win32
		{54419986-F60B-4144-954C-DF5A4D059B25}.Debug|x86.Build.0 = Debug|Win32
		{54419986-F60B-4144-954C-DF5A4D059B25}.Release|Any CPU.ActiveCfg = Release|Win32
		{54419986-F60B-4144-954C-DF5A4D059B25}.Release|x64.ActiveCfg = Release|x64
		{54419986-F60B-4144-954C-DF5A4D059B25}.Release|x64.Build.0 = Release|x64
		{54419986-F60B-4144-954C-DF5A4D059B25}.Release|x86.ActiveCfg = Release|Win32
		{54419986-F60B-4144-954C-DF5A4D059B25}.Release|x86.Build.0 = Release|Win32
		{34B9D959-B431-4E68-A25E-B0F7EF4D8587}.Debug|Any CPU.ActiveCfg = Debug|Win32
		{34B9D959-B431-4E68-A25E-B0F7EF4D8587}.Debug|x64.ActiveCfg = Debug|x64
		{34B9D959-B431-4E68-A25E-B0F7EF4D8587}.Debug|x64.Build.0 = Debug|x64
		{34B9D959-B431-4E68-A25E-B0F7EF4D8587}.Debug|x86.ActiveCfg = Debug|Win32
		{34B9D959-B431-4E68-A25E-B0F7EF4D8587}.Debug|x86.Build.0 = Debug|Win32
		{34B9D959-B431-4E68-A25E-B0F7EF4D8587}.Release|Any CPU.ActiveCfg = Release|Win32
		{34B9D959-B431-4E68-A25E-B0F7EF4D8587}.Release|x64.ActiveCfg = Release|x64
		{34B9D959-B431-4E68-A25E-B0F7EF4D8587}.Release|x64.Build.0 = Release|x64
		{34B9D959-B431-4E68-A25E-B0F7EF4D8587}.Release|x86.ActiveCfg = Release|Win32
		{34B9D959-B431-4E68-A25E-B0F7EF4D8587}.Release|x86.Build.0 = Release|Win32
	EndGlobalSection
	GlobalSection(SolutionProperties) = preSolution
		HideSolutionNode = FALSE
	EndGlobalSection
	GlobalSection(NestedProjects) = preSolution
		{995DFDC8-0D77-464F-89F1-6929678DFE68} = {0F65F980-937E-4FFB-872A-9D508429E121}
		{A5387313-7D31-4772-ABB4-EFAF6B4C1BFB} = {3124EF0B-14C9-4DD3-A2BB-11FC99339D7F}
		{88105836-558D-4AA1-AB8D-CECCD7006A96} = {3124EF0B-14C9-4DD3-A2BB-11FC99339D7F}
		{3124EF0B-14C9-4DD3-A2BB-11FC99339D7F} = {0F65F980-937E-4FFB-872A-9D508429E121}
		{524A4D0B-F578-4669-B75A-ED9007C56F13} = {0F65F980-937E-4FFB-872A-9D508429E121}
		{B202DAE1-4093-40EA-A649-779FA86C6DE8} = {0F65F980-937E-4FFB-872A-9D508429E121}
		{533905A8-C150-4C43-A195-79ACF85CF5D3} = {0F65F980-937E-4FFB-872A-9D508429E121}
		{B36DAF51-E949-4516-8F7B-FA2041322CAE} = {0F65F980-937E-4FFB-872A-9D508429E121}
		{CEDAF365-71DD-4400-AEA9-D044A32B628F} = {0F65F980-937E-4FFB-872A-9D508429E121}
		{AEFB9D2F-E46B-4579-BE13-AA9C34A70D6E} = {0F65F980-937E-4FFB-872A-9D508429E121}
		{3BA4911A-46CB-40F9-BC5F-BDEA8F851D33} = {E7558FE5-5428-4A7A-BEA8-73F20467E054}
		{FACC8335-0B79-4560-BE0C-53BA29AA3AC5} = {0F65F980-937E-4FFB-872A-9D508429E121}
		{4D48D82F-C875-4127-9C03-D6071353EA1B} = {0F65F980-937E-4FFB-872A-9D508429E121}
		{469D5DDD-F5F6-47B6-8B22-F69520FD2653} = {0F65F980-937E-4FFB-872A-9D508429E121}
		{334DCA5A-5F1A-42DC-B48C-73A638ED664C} = {0F65F980-937E-4FFB-872A-9D508429E121}
		{78AE84C4-32CF-4733-96F4-9EDCD7DA8A59} = {0F65F980-937E-4FFB-872A-9D508429E121}
		{321E6EFF-FB78-4017-8679-01486EA85FA3} = {0F65F980-937E-4FFB-872A-9D508429E121}
		{77029B43-EB9C-4B16-A28D-7E4873B45BE4} = {3124EF0B-14C9-4DD3-A2BB-11FC99339D7F}
		{33F20FD4-0358-4652-8412-BAF192E9742F} = {E7558FE5-5428-4A7A-BEA8-73F20467E054}
		{231CDAB4-67B2-4E62-85DB-D6F32EBA2125} = {3124EF0B-14C9-4DD3-A2BB-11FC99339D7F}
		{CACDD4D6-0AD6-4B0A-908B-72CB6A0A7B3F} = {3124EF0B-14C9-4DD3-A2BB-11FC99339D7F}
		{49C64FF2-784E-4E51-96DA-102C48EA2625} = {3124EF0B-14C9-4DD3-A2BB-11FC99339D7F}
		{D597FB67-7FAF-4812-81F9-0DE133557D64} = {3124EF0B-14C9-4DD3-A2BB-11FC99339D7F}
		{05FD2032-A952-4474-9B95-2CB0AF7AFAA2} = {0F65F980-937E-4FFB-872A-9D508429E121}
		{880D6214-2254-448C-85AE-C3E1C4CE645E} = {3124EF0B-14C9-4DD3-A2BB-11FC99339D7F}
		{7493AAA4-090C-4356-9CF3-2DC9921C44D7} = {880D6214-2254-448C-85AE-C3E1C4CE645E}
		{BDB77EC9-B77D-4847-96C2-7ED935C682B7} = {880D6214-2254-448C-85AE-C3E1C4CE645E}
		{CB495650-B454-49C1-96EF-18BEE73B2CF9} = {880D6214-2254-448C-85AE-C3E1C4CE645E}
		{D51F5340-B91E-4A08-BBBB-F5126E2043AF} = {3124EF0B-14C9-4DD3-A2BB-11FC99339D7F}
		{5EE568FB-91C2-439F-859D-00A6AD5CFAC6} = {E7558FE5-5428-4A7A-BEA8-73F20467E054}
		{FEA114A4-F2E4-4E93-83CC-0C851B523CE8} = {0F65F980-937E-4FFB-872A-9D508429E121}
		{04940CE3-5A4A-46CD-A5AC-C1FDCE1B61C4} = {0F65F980-937E-4FFB-872A-9D508429E121}
		{54419986-F60B-4144-954C-DF5A4D059B25} = {0F65F980-937E-4FFB-872A-9D508429E121}
		{34B9D959-B431-4E68-A25E-B0F7EF4D8587} = {0F65F980-937E-4FFB-872A-9D508429E121}
	EndGlobalSection
EndGlobal
